
Microsoft Visual Studio Solution File, Format Version 12.00
# Visual Studio 14
VisualStudioVersion = 14.0.25123.0
MinimumVisualStudioVersion = 10.0.40219.1
Project("{FAE04EC0-301F-11D3-BF4B-00C04F79EFBC}") = "Final Project", "Final Project\Final Project.csproj", "{1134B8B9-2F24-4D2A-A17C-C01A5F6F7D99}"
EndProject
Project("{FAE04EC0-301F-11D3-BF4B-00C04F79EFBC}") = "DataLayer", "DataLayer\DataLayer.csproj", "{13E28D09-8889-42A5-AF2E-702AF988914B}"
EndProject
Global
	GlobalSection(SolutionConfigurationPlatforms) = preSolution
		Debug|Any CPU = Debug|Any CPU
		Release|Any CPU = Release|Any CPU
	EndGlobalSection
	GlobalSection(ProjectConfigurationPlatforms) = postSolution
		{1134B8B9-2F24-4D2A-A17C-C01A5F6F7D99}.Debug|Any CPU.ActiveCfg = Debug|Any CPU
		{1134B8B9-2F24-4D2A-A17C-C01A5F6F7D99}.Debug|Any CPU.Build.0 = Debug|Any CPU
		{1134B8B9-2F24-4D2A-A17C-C01A5F6F7D99}.Release|Any CPU.ActiveCfg = Release|Any CPU
		{1134B8B9-2F24-4D2A-A17C-C01A5F6F7D99}.Release|Any CPU.Build.0 = Release|Any CPU
		{13E28D09-8889-42A5-AF2E-702AF988914B}.Debug|Any CPU.ActiveCfg = Debug|Any CPU
		{13E28D09-8889-42A5-AF2E-702AF988914B}.Debug|Any CPU.Build.0 = Debug|Any CPU
		{13E28D09-8889-42A5-AF2E-702AF988914B}.Release|Any CPU.ActiveCfg = Release|Any CPU
		{13E28D09-8889-42A5-AF2E-702AF988914B}.Release|Any CPU.Build.0 = Release|Any CPU
	EndGlobalSection
	GlobalSection(SolutionProperties) = preSolution
		HideSolutionNode = FALSE
	EndGlobalSection
EndGlobal
